{
  "object": {
    "pins": [
      {
        "package": "BigInt",
        "repositoryURL": "https://github.com/attaswift/BigInt.git",
        "state": {
          "branch": null,
          "revision": "19f5e8a48be155e34abb98a2bcf4a343316f0343",
          "version": "5.0.0"
        }
      },
      {
        "package": "secp256k1",
        "repositoryURL": "https://github.com/Boilertalk/secp256k1.swift.git",
        "state": {
          "branch": null,
          "revision": "823281fe9def21b384099b72a9a53ca988317b20",
          "version": "0.1.4"
        }
      }
    ]
  },
  "version": 1
}
