{
  "originHash" : "095c6c34476e55b12efebc1eabaa79de89b3591b7e9649bb15c762b650328fca",
  "pins" : [
    {
      "identity" : "secp256k1.swift",
      "kind" : "remoteSourceControl",
      "location" : "https://github.com/GigaBitcoin/secp256k1.swift.git",
      "state" : {
        "revision" : "1a14e189def5eaa92f839afdd2faad8e43b61a6e",
        "version" : "0.12.2"
      }
    },
    {
      "identity" : "swift-protobuf-binaries",
      "kind" : "remoteSourceControl",
      "location" : "https://github.com/tangem/swift-protobuf-binaries.git",
      "state" : {
        "revision" : "de30521530591d98be12133724e3d78bc0524e41",
        "version" : "1.25.2-tangem1"
      }
    },
    {
      "identity" : "wallet-core-binaries-ios",
      "kind" : "remoteSourceControl",
      "location" : "https://github.com/tangem/wallet-core-binaries-ios.git",
      "state" : {
        "revision" : "b9906e7e5c56706f0fe1ad3545dbf02dcf195b34",
        "version" : "4.0.21-tangem6"
      }
    },
    {
      "identity" : "zipfoundation",
      "kind" : "remoteSourceControl",
      "location" : "https://github.com/weichsel/ZIPFoundation.git",
      "state" : {
        "revision" : "b979e8b52c7ae7f3f39fa0182e738e9e7257eb78",
        "version" : "0.9.18"
      }
    }
  ],
  "version" : 3
}
