		1D24A4E28AE9604A5EF2986D /* PromotionNotificationsViewModel.swift in Sources */ = {isa = PBXBuildFile; fileRef = 61D99B0405BFE5672A50F5DC /* PromotionNotificationsViewModel.swift */; };
		46CD11CB72D7FA9DFE7B790C /* PromotionNotificationEvent.swift in Sources */ = {isa = PBXBuildFile; fileRef = 0932DF0141ACF64459550F85 /* PromotionNotificationEvent.swift */; };
		48679E101980F18FF070D33A /* PromotionsDTO.swift in Sources */ = {isa = PBXBuildFile; fileRef = 5A68103A58BAF826D1087DE3 /* PromotionsDTO.swift */; };
		71AFA77160EAB8E0FA2012EA /* PromotionNotificationsView.swift in Sources */ = {isa = PBXBuildFile; fileRef = 1B54438A21C650178DF08A71 /* PromotionNotificationsView.swift */; };
		DA5B51C8599E2CE0AF229479 /* CommonPromotionRepository.swift in Sources */ = {isa = PBXBuildFile; fileRef = 955C1235DE72C36F7C2540D5 /* CommonPromotionRepository.swift */; };
		ED48080BC8B20415BB543CC1 /* FakePromotionRepository.swift in Sources */ = {isa = PBXBuildFile; fileRef = A988F452E12A1447FE943E48 /* FakePromotionRepository.swift */; };
		EFB73F372F6D67C3002119C9 /* PromotionRepository.swift in Sources */ = {isa = PBXBuildFile; fileRef = EFB73F362F6D67C3002119C9 /* PromotionRepository.swift */; };
		EFB8022D2F681C1800C576C8 /* PromotionNotificationsManager.swift in Sources */ = {isa = PBXBuildFile; fileRef = EFB8022C2F681C1800C576C8 /* PromotionNotificationsManager.swift */; };
		0932DF0141ACF64459550F85 /* PromotionNotificationEvent.swift */ = {isa = PBXFileReference; includeInIndex = 1; lastKnownFileType = sourcecode.swift; path = PromotionNotificationEvent.swift; sourceTree = "<group>"; };
		1B54438A21C650178DF08A71 /* PromotionNotificationsView.swift */ = {isa = PBXFileReference; lastKnownFileType = sourcecode.swift; path = PromotionNotificationsView.swift; sourceTree = "<group>"; };
		61D99B0405BFE5672A50F5DC /* PromotionNotificationsViewModel.swift */ = {isa = PBXFileReference; lastKnownFileType = sourcecode.swift; path = PromotionNotificationsViewModel.swift; sourceTree = "<group>"; };
		955C1235DE72C36F7C2540D5 /* CommonPromotionRepository.swift */ = {isa = PBXFileReference; lastKnownFileType = sourcecode.swift; path = CommonPromotionRepository.swift; sourceTree = "<group>"; };
		A988F452E12A1447FE943E48 /* FakePromotionRepository.swift */ = {isa = PBXFileReference; lastKnownFileType = sourcecode.swift; path = FakePromotionRepository.swift; sourceTree = "<group>"; };
		EFB73F362F6D67C3002119C9 /* PromotionRepository.swift */ = {isa = PBXFileReference; lastKnownFileType = sourcecode.swift; path = PromotionRepository.swift; sourceTree = "<group>"; };
		EFB8022C2F681C1800C576C8 /* PromotionNotificationsManager.swift */ = {isa = PBXFileReference; lastKnownFileType = sourcecode.swift; path = PromotionNotificationsManager.swift; sourceTree = "<group>"; };
		730D8A3AC75FEC6079943B67 /* PromotionNotificationsView */ = {
			isa = PBXGroup;
			children = (
				1B54438A21C650178DF08A71 /* PromotionNotificationsView.swift */,
				61D99B0405BFE5672A50F5DC /* PromotionNotificationsViewModel.swift */,
			);
			path = PromotionNotificationsView;
			sourceTree = "<group>";
		};
				EFD18DEC2F63299A00421B20 /* PromotionNotifications */,
				730D8A3AC75FEC6079943B67 /* PromotionNotificationsView */,
				A988F452E12A1447FE943E48 /* FakePromotionRepository.swift */,
		E4BC53B9673A3C21CB69B43D /* PromotionService */ = {
			isa = PBXGroup;
			children = (
				EFB73F362F6D67C3002119C9 /* PromotionRepository.swift */,
				955C1235DE72C36F7C2540D5 /* CommonPromotionRepository.swift */,
			);
			path = PromotionService;
			sourceTree = "<group>";
		};
				5A68103A58BAF826D1087DE3 /* PromotionsDTO.swift */,
		EFD18DEC2F63299A00421B20 /* PromotionNotifications */ = {
			isa = PBXGroup;
			children = (
				EFB8022C2F681C1800C576C8 /* PromotionNotificationsManager.swift */,
				0932DF0141ACF64459550F85 /* PromotionNotificationEvent.swift */,
				E4BC53B9673A3C21CB69B43D /* PromotionService */,
			);
			path = PromotionNotifications;
			sourceTree = "<group>";
		};
				48679E101980F18FF070D33A /* PromotionsDTO.swift in Sources */,
				EFB73F372F6D67C3002119C9 /* PromotionRepository.swift in Sources */,
				EFB8022D2F681C1800C576C8 /* PromotionNotificationsManager.swift in Sources */,
				1D24A4E28AE9604A5EF2986D /* PromotionNotificationsViewModel.swift in Sources */,
				71AFA77160EAB8E0FA2012EA /* PromotionNotificationsView.swift in Sources */,
				ED48080BC8B20415BB543CC1 /* FakePromotionRepository.swift in Sources */,
				46CD11CB72D7FA9DFE7B790C /* PromotionNotificationEvent.swift in Sources */,
				DA5B51C8599E2CE0AF229479 /* CommonPromotionRepository.swift in Sources */,
		F2C101A16E00100200000008 /* Tangem/Features/MainQRScan/Domain/MainQREIP681Parser.swift in Sources */ = {isa = PBXBuildFile; fileRef = F2C101A16E00100100000008 /* Tangem/Features/MainQRScan/Domain/MainQREIP681Parser.swift */; };
		F2C101A16E00100200000009 /* Tangem/Features/MainQRScan/Domain/MainQRDecimalParser.swift in Sources */ = {isa = PBXBuildFile; fileRef = F2C101A16E00100100000009 /* Tangem/Features/MainQRScan/Domain/MainQRDecimalParser.swift */; };
		F2C101A16E0010020000000A /* Tangem/Features/MainQRScan/Domain/MainQRBlockchainResolver.swift in Sources */ = {isa = PBXBuildFile; fileRef = F2C101A16E0010010000000A /* Tangem/Features/MainQRScan/Domain/MainQRBlockchainResolver.swift */; };
		F2C101A16E0010020000000B /* Tangem/Features/MainQRScan/Domain/MainQRTokenItemMatcher.swift in Sources */ = {isa = PBXBuildFile; fileRef = F2C101A16E0010010000000B /* Tangem/Features/MainQRScan/Domain/MainQRTokenItemMatcher.swift */; };
		5981DF44BF8D126745971BA4 /* MainQRScanView.swift */ = {isa = PBXFileReference; includeInIndex = 1; lastKnownFileType = sourcecode.swift; path = Tangem/Features/MainQRScan/UI/MainQRScanView.swift; sourceTree = SOURCE_ROOT; };
		5A68103A58BAF826D1087DE3 /* PromotionsDTO.swift */ = {isa = PBXFileReference; lastKnownFileType = sourcecode.swift; path = PromotionsDTO.swift; sourceTree = "<group>"; };
		F2C101A16E00100100000008 /* Tangem/Features/MainQRScan/Domain/MainQREIP681Parser.swift */ = {isa = PBXFileReference; includeInIndex = 1; lastKnownFileType = sourcecode.swift; path = Tangem/Features/MainQRScan/Domain/MainQREIP681Parser.swift; sourceTree = SOURCE_ROOT; };
		F2C101A16E00100100000009 /* Tangem/Features/MainQRScan/Domain/MainQRDecimalParser.swift */ = {isa = PBXFileReference; includeInIndex = 1; lastKnownFileType = sourcecode.swift; path = Tangem/Features/MainQRScan/Domain/MainQRDecimalParser.swift; sourceTree = SOURCE_ROOT; };
		F2C101A16E0010010000000A /* Tangem/Features/MainQRScan/Domain/MainQRBlockchainResolver.swift */ = {isa = PBXFileReference; includeInIndex = 1; lastKnownFileType = sourcecode.swift; path = Tangem/Features/MainQRScan/Domain/MainQRBlockchainResolver.swift; sourceTree = SOURCE_ROOT; };
		F2C101A16E0010010000000B /* Tangem/Features/MainQRScan/Domain/MainQRTokenItemMatcher.swift */ = {isa = PBXFileReference; includeInIndex = 1; lastKnownFileType = sourcecode.swift; path = Tangem/Features/MainQRScan/Domain/MainQRTokenItemMatcher.swift; sourceTree = SOURCE_ROOT; };
			784E99BCAC6F44D4B657F441 /* Domain */ = {
				isa = PBXGroup;
				children = (
					F1A3B42C5D6E7F8091A2B3E0 /* Models */,
					575C9FE9DAB144A0AB2DDD68 /* Tangem/Features/MainQRScan/Domain/AddressBlockchainResolver.swift */,
					A1B2C3D4E5F6078901234501 /* Tangem/Features/MainQRScan/Domain/MainQRScanAction.swift */,
					F2C101A16E0010010000000C /* Tangem/Features/MainQRScan/Domain/MainQRWalletModelMatcher.swift */,
					F2C101A16E0010010000000D /* Tangem/Features/MainQRScan/Domain/MainQRSendParametersFactory.swift */,
					A1B2C3D4E5F6078901234502 /* Tangem/Features/MainQRScan/Domain/MainQRScanRouteResolver.swift */,
					B080FB0B59EA49048D41C590 /* Tangem/Features/MainQRScan/Domain/MainQRCodeContentParser.swift */,
					F2C101A16E00100100000001 /* Tangem/Features/MainQRScan/Domain/MainQRPaymentRequestParser.swift */,
					F2C101A16E00100100000003 /* Tangem/Features/MainQRScan/Domain/MainQRBlockchainURIParser.swift */,
					F2C101A16E00100100000004 /* Tangem/Features/MainQRScan/Domain/MainQRJSONPaymentParser.swift */,
					F2C101A16E00100100000005 /* Tangem/Features/MainQRScan/Domain/MainQRDeepLinkPaymentParser.swift */,
					F2C101A16E00100100000006 /* Tangem/Features/MainQRScan/Domain/MainQRParserSupport.swift */,
					F2C101A16E00100100000007 /* Tangem/Features/MainQRScan/Domain/MainQRParserConstants.swift */,
					F2C101A16E00100100000008 /* Tangem/Features/MainQRScan/Domain/MainQREIP681Parser.swift */,
					F2C101A16E00100100000009 /* Tangem/Features/MainQRScan/Domain/MainQRDecimalParser.swift */,
					F2C101A16E0010010000000A /* Tangem/Features/MainQRScan/Domain/MainQRBlockchainResolver.swift */,
					F2C101A16E0010010000000B /* Tangem/Features/MainQRScan/Domain/MainQRTokenItemMatcher.swift */,
					F1A3B42C5D6E7F8091A2B3C6 /* Tangem/Features/MainQRScan/Domain/MainQRScanLoggerStrings.swift */,
				);
				path = Domain;
				sourceTree = "<group>";
			};
			F1A3B42C5D6E7F8091A2B3E0 /* Models */ = {
				isa = PBXGroup;
				children = (
					F1A3B42C5D6E7F8091A2B3C5 /* Tangem/Features/MainQRScan/Domain/Models/MainQRPaymentRequest.swift */,
					F1A3B42C5D6E7F8091A2B3C4 /* Tangem/Features/MainQRScan/Domain/Models/MainQRScanResult.swift */,
				);
				path = Models;
				sourceTree = "<group>";
			};
		7DFCBD29DFFDBADE3BDF5AB5 /* MainQRScan */ = {
			isa = PBXGroup;
			children = (
