// !$*UTF8*$!
{
	archiveVersion = 1;
	classes = {
	};
	objectVersion = 52;
	objects = {

/* Begin PBXBuildFile section */
		5D006ACD239950F9008BA04D /* CurrencyWallet.swift in Sources */ = {isa = PBXBuildFile; fileRef = 5D006ACC239950F9008BA04D /* CurrencyWallet.swift */; };
		5D14E4782397B80F00C15FC8 /* BlockchainSdk.framework in Frameworks */ = {isa = PBXBuildFile; fileRef = 5D14E46E2397B80F00C15FC8 /* BlockchainSdk.framework */; };
		5D14E47D2397B80F00C15FC8 /* BlockchainSdkTests.swift in Sources */ = {isa = PBXBuildFile; fileRef = 5D14E47C2397B80F00C15FC8 /* BlockchainSdkTests.swift */; };
		5D14E47F2397B80F00C15FC8 /* BlockchainSdk.h in Headers */ = {isa = PBXBuildFile; fileRef = 5D14E4712397B80F00C15FC8 /* BlockchainSdk.h */; settings = {ATTRIBUTES = (Public, ); }; };
		5D14E4972397B87000C15FC8 /* WalletManager.swift in Sources */ = {isa = PBXBuildFile; fileRef = 5D14E48F2397B87000C15FC8 /* WalletManager.swift */; };
		5D14E4982397B87000C15FC8 /* Blockchain.swift in Sources */ = {isa = PBXBuildFile; fileRef = 5D14E4902397B87000C15FC8 /* Blockchain.swift */; };
		5D14E4992397B87000C15FC8 /* Wallet.swift in Sources */ = {isa = PBXBuildFile; fileRef = 5D14E4912397B87000C15FC8 /* Wallet.swift */; };
		5D14E49C2397B8B000C15FC8 /* TangemSdk.framework in Frameworks */ = {isa = PBXBuildFile; fileRef = 5D14E49B2397B8B000C15FC8 /* TangemSdk.framework */; };
		5D14E49D2397B8B000C15FC8 /* TangemSdk.framework in Embed Frameworks */ = {isa = PBXBuildFile; fileRef = 5D14E49B2397B8B000C15FC8 /* TangemSdk.framework */; settings = {ATTRIBUTES = (CodeSignOnCopy, RemoveHeadersOnCopy, ); }; };
		5D304390239A58C90066B8D9 /* BitcoinWalletManager.swift in Sources */ = {isa = PBXBuildFile; fileRef = 5D30438F239A58C90066B8D9 /* BitcoinWalletManager.swift */; };
		5D304394239A6A6B0066B8D9 /* CurrencyWalletManagerFactory.swift in Sources */ = {isa = PBXBuildFile; fileRef = 5D304393239A6A6B0066B8D9 /* CurrencyWalletManagerFactory.swift */; };
		5D304397239A6B960066B8D9 /* String+.swift in Sources */ = {isa = PBXBuildFile; fileRef = 5D304396239A6B960066B8D9 /* String+.swift */; };
		5D304399239A8C9C0066B8D9 /* BitcoinAddressFactory.swift in Sources */ = {isa = PBXBuildFile; fileRef = 5D304398239A8C9C0066B8D9 /* BitcoinAddressFactory.swift */; };
		5D389ECC23ACFDCF00740FE9 /* MoyaProvider+.swift in Sources */ = {isa = PBXBuildFile; fileRef = 5D389ECB23ACFDCF00740FE9 /* MoyaProvider+.swift */; };
		5D47E34E23F4426F00779DFA /* EthereumNetwork.swift in Sources */ = {isa = PBXBuildFile; fileRef = 5D47E34D23F4426F00779DFA /* EthereumNetwork.swift */; };
		5D54FE1823E41CD6009FAC2F /* LitecoinAddressValidator.swift in Sources */ = {isa = PBXBuildFile; fileRef = 5D54FE1723E41CD6009FAC2F /* LitecoinAddressValidator.swift */; };
		5D54FE1A23E41E5A009FAC2F /* LitecoinAddressFactory.swift in Sources */ = {isa = PBXBuildFile; fileRef = 5D54FE1923E41E5A009FAC2F /* LitecoinAddressFactory.swift */; };
		5D54FE1C23E427E5009FAC2F /* NetworkManager.swift in Sources */ = {isa = PBXBuildFile; fileRef = 5D54FE1B23E427E5009FAC2F /* NetworkManager.swift */; };
		5D54FE1E23E4313A009FAC2F /* LitecoinWalletManager.swift in Sources */ = {isa = PBXBuildFile; fileRef = 5D54FE1D23E4313A009FAC2F /* LitecoinWalletManager.swift */; };
		5D54FE2023E43E7E009FAC2F /* LitecoinNetworkManager.swift in Sources */ = {isa = PBXBuildFile; fileRef = 5D54FE1F23E43E7E009FAC2F /* LitecoinNetworkManager.swift */; };
		5D557CAC23AA70AC009B32AF /* InfuraTarget.swift in Sources */ = {isa = PBXBuildFile; fileRef = 5D557CAB23AA70AC009B32AF /* InfuraTarget.swift */; };
		5D557CAE23AA771E009B32AF /* EthereumNetworkManager.swift in Sources */ = {isa = PBXBuildFile; fileRef = 5D557CAD23AA771E009B32AF /* EthereumNetworkManager.swift */; };
		5D557CB023AA888D009B32AF /* Uint64+.swift in Sources */ = {isa = PBXBuildFile; fileRef = 5D557CAF23AA888D009B32AF /* Uint64+.swift */; };
		5D557CB523ACCAD2009B32AF /* BlockcypherProvider.swift in Sources */ = {isa = PBXBuildFile; fileRef = 5D557CB423ACCAD2009B32AF /* BlockcypherProvider.swift */; };
		5D557CB723ACCB48009B32AF /* BitcoinMainProvider.swift in Sources */ = {isa = PBXBuildFile; fileRef = 5D557CB623ACCB48009B32AF /* BitcoinMainProvider.swift */; };
		5D8653FA23A8C481000DE52D /* StellarNetworkManager.swift in Sources */ = {isa = PBXBuildFile; fileRef = 5D8653F923A8C481000DE52D /* StellarNetworkManager.swift */; };
		5D8653FC23A8C4A9000DE52D /* StellarTransactionBuilder.swift in Sources */ = {isa = PBXBuildFile; fileRef = 5D8653FB23A8C4A9000DE52D /* StellarTransactionBuilder.swift */; };
		5D8653FE23A8E486000DE52D /* StellarSdk+.swift in Sources */ = {isa = PBXBuildFile; fileRef = 5D8653FD23A8E486000DE52D /* StellarSdk+.swift */; };
		5D86540023A906DF000DE52D /* CardManager+.swift in Sources */ = {isa = PBXBuildFile; fileRef = 5D8653FF23A906DF000DE52D /* CardManager+.swift */; };
		5D94E56123A381F2009C7482 /* EthereumWalletManager.swift in Sources */ = {isa = PBXBuildFile; fileRef = 5D94E56023A381F2009C7482 /* EthereumWalletManager.swift */; };
		5D94E56323A38204009C7482 /* EthereumAddressFactory.swift in Sources */ = {isa = PBXBuildFile; fileRef = 5D94E56223A38204009C7482 /* EthereumAddressFactory.swift */; };
		5D94E56523A38216009C7482 /* EthereumAddressValidator.swift in Sources */ = {isa = PBXBuildFile; fileRef = 5D94E56423A38216009C7482 /* EthereumAddressValidator.swift */; };
		5D94E56723A3946C009C7482 /* Data+.swift in Sources */ = {isa = PBXBuildFile; fileRef = 5D94E56623A3946C009C7482 /* Data+.swift */; };
		5D95437323F3169300C5EF86 /* WalletManager+.swift in Sources */ = {isa = PBXBuildFile; fileRef = 5D95437223F3169300C5EF86 /* WalletManager+.swift */; };
		5D95437523F31E0D00C5EF86 /* CurrencyWalletFactory.swift in Sources */ = {isa = PBXBuildFile; fileRef = 5D95437423F31E0D00C5EF86 /* CurrencyWalletFactory.swift */; };
		5DAE73BF239AB4C800AC5543 /* BitcoinAddressValidator.swift in Sources */ = {isa = PBXBuildFile; fileRef = 5DAE73BE239AB4C800AC5543 /* BitcoinAddressValidator.swift */; };
		5DE3BF97239E6DAB00E8815D /* RIPEMD160.swift in Sources */ = {isa = PBXBuildFile; fileRef = 5DE3BF96239E6DAB00E8815D /* RIPEMD160.swift */; };
		5DE3BF99239E722400E8815D /* Base58.swift in Sources */ = {isa = PBXBuildFile; fileRef = 5DE3BF98239E722400E8815D /* Base58.swift */; };
		5DE3BF9E239FA2F400E8815D /* SegWitBech32.swift in Sources */ = {isa = PBXBuildFile; fileRef = 5DE3BF9D239FA2F400E8815D /* SegWitBech32.swift */; };
		5DE3BFA0239FA33800E8815D /* Bech32.swift in Sources */ = {isa = PBXBuildFile; fileRef = 5DE3BF9F239FA33800E8815D /* Bech32.swift */; };
		5DE3BFA4239FB4E500E8815D /* BitcoinNetworkManager.swift in Sources */ = {isa = PBXBuildFile; fileRef = 5DE3BFA3239FB4E500E8815D /* BitcoinNetworkManager.swift */; };
		5DED72B8239FE2E3006D79AE /* Decimal+.swift in Sources */ = {isa = PBXBuildFile; fileRef = 5DED72B7239FE2E3006D79AE /* Decimal+.swift */; };
		5DED72BA239FE2F8006D79AE /* Int+.swift in Sources */ = {isa = PBXBuildFile; fileRef = 5DED72B9239FE2F8006D79AE /* Int+.swift */; };
		5DED72BC239FEEEC006D79AE /* BitcoinTransactionBuilder.swift in Sources */ = {isa = PBXBuildFile; fileRef = 5DED72BB239FEEEC006D79AE /* BitcoinTransactionBuilder.swift */; };
		5DED72BE239FF9F9006D79AE /* CryptoUtils.swift in Sources */ = {isa = PBXBuildFile; fileRef = 5DED72BD239FF9F9006D79AE /* CryptoUtils.swift */; };
		5DED72C1239FFA7D006D79AE /* secp256k1 in Frameworks */ = {isa = PBXBuildFile; productRef = 5DED72C0239FFA7D006D79AE /* secp256k1 */; };
		5DED72C423A1315F006D79AE /* StellarWalletManager.swift in Sources */ = {isa = PBXBuildFile; fileRef = 5DED72C323A1315F006D79AE /* StellarWalletManager.swift */; };
		5DED72C623A13377006D79AE /* StellarAddressFactory.swift in Sources */ = {isa = PBXBuildFile; fileRef = 5DED72C523A13377006D79AE /* StellarAddressFactory.swift */; };
		5DED72C823A13384006D79AE /* StellarAddressValidator.swift in Sources */ = {isa = PBXBuildFile; fileRef = 5DED72C723A13384006D79AE /* StellarAddressValidator.swift */; };
		7386FBD2F78EB76C53BCD1AE /* Pods_BlockchainSdk.framework in Frameworks */ = {isa = PBXBuildFile; fileRef = 5879E1BF1F869A097665DCFC /* Pods_BlockchainSdk.framework */; };
/* End PBXBuildFile section */

/* Begin PBXContainerItemProxy section */
		5D14E4792397B80F00C15FC8 /* PBXContainerItemProxy */ = {
			isa = PBXContainerItemProxy;
			containerPortal = 5D14E4652397B80F00C15FC8 /* Project object */;
			proxyType = 1;
			remoteGlobalIDString = 5D14E46D2397B80F00C15FC8;
			remoteInfo = BlockchainSdk;
		};
/* End PBXContainerItemProxy section */

/* Begin PBXCopyFilesBuildPhase section */
		5D14E49E2397B8B000C15FC8 /* Embed Frameworks */ = {
			isa = PBXCopyFilesBuildPhase;
			buildActionMask = 2147483647;
			dstPath = "";
			dstSubfolderSpec = 10;
			files = (
				5D14E49D2397B8B000C15FC8 /* TangemSdk.framework in Embed Frameworks */,
			);
			name = "Embed Frameworks";
			runOnlyForDeploymentPostprocessing = 0;
		};
/* End PBXCopyFilesBuildPhase section */

/* Begin PBXFileReference section */
		438C3138ADC1FC1290BE3BA2 /* Pods-BlockchainSdk.release.xcconfig */ = {isa = PBXFileReference; includeInIndex = 1; lastKnownFileType = text.xcconfig; name = "Pods-BlockchainSdk.release.xcconfig"; path = "Target Support Files/Pods-BlockchainSdk/Pods-BlockchainSdk.release.xcconfig"; sourceTree = "<group>"; };
		5879E1BF1F869A097665DCFC /* Pods_BlockchainSdk.framework */ = {isa = PBXFileReference; explicitFileType = wrapper.framework; includeInIndex = 0; path = Pods_BlockchainSdk.framework; sourceTree = BUILT_PRODUCTS_DIR; };
		5D006ACC239950F9008BA04D /* CurrencyWallet.swift */ = {isa = PBXFileReference; fileEncoding = 4; lastKnownFileType = sourcecode.swift; path = CurrencyWallet.swift; sourceTree = "<group>"; };
		5D14E46E2397B80F00C15FC8 /* BlockchainSdk.framework */ = {isa = PBXFileReference; explicitFileType = wrapper.framework; includeInIndex = 0; path = BlockchainSdk.framework; sourceTree = BUILT_PRODUCTS_DIR; };
		5D14E4712397B80F00C15FC8 /* BlockchainSdk.h */ = {isa = PBXFileReference; lastKnownFileType = sourcecode.c.h; path = BlockchainSdk.h; sourceTree = "<group>"; };
		5D14E4722397B80F00C15FC8 /* Info.plist */ = {isa = PBXFileReference; lastKnownFileType = text.plist.xml; path = Info.plist; sourceTree = "<group>"; };
		5D14E4772397B80F00C15FC8 /* BlockchainSdkTests.xctest */ = {isa = PBXFileReference; explicitFileType = wrapper.cfbundle; includeInIndex = 0; path = BlockchainSdkTests.xctest; sourceTree = BUILT_PRODUCTS_DIR; };
		5D14E47C2397B80F00C15FC8 /* BlockchainSdkTests.swift */ = {isa = PBXFileReference; lastKnownFileType = sourcecode.swift; path = BlockchainSdkTests.swift; sourceTree = "<group>"; };
		5D14E47E2397B80F00C15FC8 /* Info.plist */ = {isa = PBXFileReference; lastKnownFileType = text.plist.xml; path = Info.plist; sourceTree = "<group>"; };
		5D14E48F2397B87000C15FC8 /* WalletManager.swift */ = {isa = PBXFileReference; fileEncoding = 4; lastKnownFileType = sourcecode.swift; path = WalletManager.swift; sourceTree = "<group>"; };
		5D14E4902397B87000C15FC8 /* Blockchain.swift */ = {isa = PBXFileReference; fileEncoding = 4; lastKnownFileType = sourcecode.swift; path = Blockchain.swift; sourceTree = "<group>"; };
		5D14E4912397B87000C15FC8 /* Wallet.swift */ = {isa = PBXFileReference; fileEncoding = 4; lastKnownFileType = sourcecode.swift; path = Wallet.swift; sourceTree = "<group>"; };
		5D14E49B2397B8B000C15FC8 /* TangemSdk.framework */ = {isa = PBXFileReference; explicitFileType = wrapper.framework; path = TangemSdk.framework; sourceTree = BUILT_PRODUCTS_DIR; };
		5D30438F239A58C90066B8D9 /* BitcoinWalletManager.swift */ = {isa = PBXFileReference; lastKnownFileType = sourcecode.swift; path = BitcoinWalletManager.swift; sourceTree = "<group>"; };
		5D304393239A6A6B0066B8D9 /* CurrencyWalletManagerFactory.swift */ = {isa = PBXFileReference; lastKnownFileType = sourcecode.swift; path = CurrencyWalletManagerFactory.swift; sourceTree = "<group>"; };
		5D304396239A6B960066B8D9 /* String+.swift */ = {isa = PBXFileReference; lastKnownFileType = sourcecode.swift; path = "String+.swift"; sourceTree = "<group>"; };
		5D304398239A8C9C0066B8D9 /* BitcoinAddressFactory.swift */ = {isa = PBXFileReference; lastKnownFileType = sourcecode.swift; path = BitcoinAddressFactory.swift; sourceTree = "<group>"; };
		5D389ECB23ACFDCF00740FE9 /* MoyaProvider+.swift */ = {isa = PBXFileReference; lastKnownFileType = sourcecode.swift; path = "MoyaProvider+.swift"; sourceTree = "<group>"; };
		5D47E34D23F4426F00779DFA /* EthereumNetwork.swift */ = {isa = PBXFileReference; lastKnownFileType = sourcecode.swift; path = EthereumNetwork.swift; sourceTree = "<group>"; };
		5D54FE1723E41CD6009FAC2F /* LitecoinAddressValidator.swift */ = {isa = PBXFileReference; lastKnownFileType = sourcecode.swift; path = LitecoinAddressValidator.swift; sourceTree = "<group>"; };
		5D54FE1923E41E5A009FAC2F /* LitecoinAddressFactory.swift */ = {isa = PBXFileReference; lastKnownFileType = sourcecode.swift; path = LitecoinAddressFactory.swift; sourceTree = "<group>"; };
		5D54FE1B23E427E5009FAC2F /* NetworkManager.swift */ = {isa = PBXFileReference; lastKnownFileType = sourcecode.swift; path = NetworkManager.swift; sourceTree = "<group>"; };
		5D54FE1D23E4313A009FAC2F /* LitecoinWalletManager.swift */ = {isa = PBXFileReference; lastKnownFileType = sourcecode.swift; path = LitecoinWalletManager.swift; sourceTree = "<group>"; };
		5D54FE1F23E43E7E009FAC2F /* LitecoinNetworkManager.swift */ = {isa = PBXFileReference; lastKnownFileType = sourcecode.swift; path = LitecoinNetworkManager.swift; sourceTree = "<group>"; };
		5D557CAB23AA70AC009B32AF /* InfuraTarget.swift */ = {isa = PBXFileReference; lastKnownFileType = sourcecode.swift; path = InfuraTarget.swift; sourceTree = "<group>"; };
		5D557CAD23AA771E009B32AF /* EthereumNetworkManager.swift */ = {isa = PBXFileReference; lastKnownFileType = sourcecode.swift; path = EthereumNetworkManager.swift; sourceTree = "<group>"; };
		5D557CAF23AA888D009B32AF /* Uint64+.swift */ = {isa = PBXFileReference; lastKnownFileType = sourcecode.swift; path = "Uint64+.swift"; sourceTree = "<group>"; };
		5D557CB423ACCAD2009B32AF /* BlockcypherProvider.swift */ = {isa = PBXFileReference; lastKnownFileType = sourcecode.swift; path = BlockcypherProvider.swift; sourceTree = "<group>"; };
		5D557CB623ACCB48009B32AF /* BitcoinMainProvider.swift */ = {isa = PBXFileReference; lastKnownFileType = sourcecode.swift; path = BitcoinMainProvider.swift; sourceTree = "<group>"; };
		5D8653F923A8C481000DE52D /* StellarNetworkManager.swift */ = {isa = PBXFileReference; lastKnownFileType = sourcecode.swift; path = StellarNetworkManager.swift; sourceTree = "<group>"; };
		5D8653FB23A8C4A9000DE52D /* StellarTransactionBuilder.swift */ = {isa = PBXFileReference; lastKnownFileType = sourcecode.swift; path = StellarTransactionBuilder.swift; sourceTree = "<group>"; };
		5D8653FD23A8E486000DE52D /* StellarSdk+.swift */ = {isa = PBXFileReference; lastKnownFileType = sourcecode.swift; path = "StellarSdk+.swift"; sourceTree = "<group>"; };
		5D8653FF23A906DF000DE52D /* CardManager+.swift */ = {isa = PBXFileReference; lastKnownFileType = sourcecode.swift; path = "CardManager+.swift"; sourceTree = "<group>"; };
		5D94E56023A381F2009C7482 /* EthereumWalletManager.swift */ = {isa = PBXFileReference; lastKnownFileType = sourcecode.swift; path = EthereumWalletManager.swift; sourceTree = "<group>"; };
		5D94E56223A38204009C7482 /* EthereumAddressFactory.swift */ = {isa = PBXFileReference; lastKnownFileType = sourcecode.swift; path = EthereumAddressFactory.swift; sourceTree = "<group>"; };
		5D94E56423A38216009C7482 /* EthereumAddressValidator.swift */ = {isa = PBXFileReference; lastKnownFileType = sourcecode.swift; path = EthereumAddressValidator.swift; sourceTree = "<group>"; };
		5D94E56623A3946C009C7482 /* Data+.swift */ = {isa = PBXFileReference; lastKnownFileType = sourcecode.swift; path = "Data+.swift"; sourceTree = "<group>"; };
		5D95437223F3169300C5EF86 /* WalletManager+.swift */ = {isa = PBXFileReference; lastKnownFileType = sourcecode.swift; path = "WalletManager+.swift"; sourceTree = "<group>"; };
		5D95437423F31E0D00C5EF86 /* CurrencyWalletFactory.swift */ = {isa = PBXFileReference; lastKnownFileType = sourcecode.swift; path = CurrencyWalletFactory.swift; sourceTree = "<group>"; };
		5DAE73BE239AB4C800AC5543 /* BitcoinAddressValidator.swift */ = {isa = PBXFileReference; lastKnownFileType = sourcecode.swift; path = BitcoinAddressValidator.swift; sourceTree = "<group>"; };
		5DE3BF96239E6DAB00E8815D /* RIPEMD160.swift */ = {isa = PBXFileReference; lastKnownFileType = sourcecode.swift; path = RIPEMD160.swift; sourceTree = "<group>"; };
		5DE3BF98239E722400E8815D /* Base58.swift */ = {isa = PBXFileReference; lastKnownFileType = sourcecode.swift; path = Base58.swift; sourceTree = "<group>"; };
		5DE3BF9D239FA2F400E8815D /* SegWitBech32.swift */ = {isa = PBXFileReference; lastKnownFileType = sourcecode.swift; path = SegWitBech32.swift; sourceTree = "<group>"; };
		5DE3BF9F239FA33800E8815D /* Bech32.swift */ = {isa = PBXFileReference; lastKnownFileType = sourcecode.swift; path = Bech32.swift; sourceTree = "<group>"; };
		5DE3BFA3239FB4E500E8815D /* BitcoinNetworkManager.swift */ = {isa = PBXFileReference; lastKnownFileType = sourcecode.swift; path = BitcoinNetworkManager.swift; sourceTree = "<group>"; };
		5DED72B7239FE2E3006D79AE /* Decimal+.swift */ = {isa = PBXFileReference; lastKnownFileType = sourcecode.swift; path = "Decimal+.swift"; sourceTree = "<group>"; };
		5DED72B9239FE2F8006D79AE /* Int+.swift */ = {isa = PBXFileReference; lastKnownFileType = sourcecode.swift; path = "Int+.swift"; sourceTree = "<group>"; };
		5DED72BB239FEEEC006D79AE /* BitcoinTransactionBuilder.swift */ = {isa = PBXFileReference; lastKnownFileType = sourcecode.swift; path = BitcoinTransactionBuilder.swift; sourceTree = "<group>"; };
		5DED72BD239FF9F9006D79AE /* CryptoUtils.swift */ = {isa = PBXFileReference; lastKnownFileType = sourcecode.swift; path = CryptoUtils.swift; sourceTree = "<group>"; };
		5DED72C323A1315F006D79AE /* StellarWalletManager.swift */ = {isa = PBXFileReference; lastKnownFileType = sourcecode.swift; path = StellarWalletManager.swift; sourceTree = "<group>"; };
		5DED72C523A13377006D79AE /* StellarAddressFactory.swift */ = {isa = PBXFileReference; lastKnownFileType = sourcecode.swift; path = StellarAddressFactory.swift; sourceTree = "<group>"; };
		5DED72C723A13384006D79AE /* StellarAddressValidator.swift */ = {isa = PBXFileReference; lastKnownFileType = sourcecode.swift; path = StellarAddressValidator.swift; sourceTree = "<group>"; };
		BE43CCCD58746DFCAA8B3BE2 /* Pods-BlockchainSdk.debug.xcconfig */ = {isa = PBXFileReference; includeInIndex = 1; lastKnownFileType = text.xcconfig; name = "Pods-BlockchainSdk.debug.xcconfig"; path = "Target Support Files/Pods-BlockchainSdk/Pods-BlockchainSdk.debug.xcconfig"; sourceTree = "<group>"; };
/* End PBXFileReference section */

/* Begin PBXFrameworksBuildPhase section */
		5D14E46B2397B80F00C15FC8 /* Frameworks */ = {
			isa = PBXFrameworksBuildPhase;
			buildActionMask = 2147483647;
			files = (
				5D14E49C2397B8B000C15FC8 /* TangemSdk.framework in Frameworks */,
				5DED72C1239FFA7D006D79AE /* secp256k1 in Frameworks */,
				7386FBD2F78EB76C53BCD1AE /* Pods_BlockchainSdk.framework in Frameworks */,
			);
			runOnlyForDeploymentPostprocessing = 0;
		};
		5D14E4742397B80F00C15FC8 /* Frameworks */ = {
			isa = PBXFrameworksBuildPhase;
			buildActionMask = 2147483647;
			files = (
				5D14E4782397B80F00C15FC8 /* BlockchainSdk.framework in Frameworks */,
			);
			runOnlyForDeploymentPostprocessing = 0;
		};
/* End PBXFrameworksBuildPhase section */

/* Begin PBXGroup section */
		5D14E4642397B80F00C15FC8 = {
			isa = PBXGroup;
			children = (
				5D14E4702397B80F00C15FC8 /* BlockchainSdk */,
				5D14E47B2397B80F00C15FC8 /* BlockchainSdkTests */,
				5D14E46F2397B80F00C15FC8 /* Products */,
				5D14E49A2397B8B000C15FC8 /* Frameworks */,
				C78C27BD063723008A1058A7 /* Pods */,
			);
			sourceTree = "<group>";
		};
		5D14E46F2397B80F00C15FC8 /* Products */ = {
			isa = PBXGroup;
			children = (
				5D14E46E2397B80F00C15FC8 /* BlockchainSdk.framework */,
				5D14E4772397B80F00C15FC8 /* BlockchainSdkTests.xctest */,
			);
			name = Products;
			sourceTree = "<group>";
		};
		5D14E4702397B80F00C15FC8 /* BlockchainSdk */ = {
			isa = PBXGroup;
			children = (
				5DE3BF95239E6D8E00E8815D /* BlockchainUtils */,
				5D304395239A6B880066B8D9 /* Extensions */,
				5D14E49F2397B8F800C15FC8 /* Wallets */,
				5D14E4892397B87000C15FC8 /* WalletManagers */,
				5D14E48B2397B87000C15FC8 /* Common */,
				5D14E4712397B80F00C15FC8 /* BlockchainSdk.h */,
				5D14E4722397B80F00C15FC8 /* Info.plist */,
			);
			path = BlockchainSdk;
			sourceTree = "<group>";
		};
		5D14E47B2397B80F00C15FC8 /* BlockchainSdkTests */ = {
			isa = PBXGroup;
			children = (
				5D14E47C2397B80F00C15FC8 /* BlockchainSdkTests.swift */,
				5D14E47E2397B80F00C15FC8 /* Info.plist */,
			);
			path = BlockchainSdkTests;
			sourceTree = "<group>";
		};
		5D14E4892397B87000C15FC8 /* WalletManagers */ = {
			isa = PBXGroup;
			children = (
				5D54FE1623E41CAE009FAC2F /* Litecoin */,
				5D94E55F23A37EF7009C7482 /* Ethereum */,
				5DED72C223A13145006D79AE /* Stellar */,
				5DE3BFA1239FB41100E8815D /* Bitcoin */,
				5D304393239A6A6B0066B8D9 /* CurrencyWalletManagerFactory.swift */,
				5D95437423F31E0D00C5EF86 /* CurrencyWalletFactory.swift */,
			);
			path = WalletManagers;
			sourceTree = "<group>";
		};
		5D14E48B2397B87000C15FC8 /* Common */ = {
			isa = PBXGroup;
			children = (
				5D14E48F2397B87000C15FC8 /* WalletManager.swift */,
				5D14E4902397B87000C15FC8 /* Blockchain.swift */,
				5D54FE1B23E427E5009FAC2F /* NetworkManager.swift */,
			);
			path = Common;
			sourceTree = "<group>";
		};
		5D14E49A2397B8B000C15FC8 /* Frameworks */ = {
			isa = PBXGroup;
			children = (
				5D14E49B2397B8B000C15FC8 /* TangemSdk.framework */,
				5879E1BF1F869A097665DCFC /* Pods_BlockchainSdk.framework */,
			);
			name = Frameworks;
			sourceTree = "<group>";
		};
		5D14E49F2397B8F800C15FC8 /* Wallets */ = {
			isa = PBXGroup;
			children = (
				5D14E4912397B87000C15FC8 /* Wallet.swift */,
				5D006ACC239950F9008BA04D /* CurrencyWallet.swift */,
			);
			path = Wallets;
			sourceTree = "<group>";
		};
		5D304395239A6B880066B8D9 /* Extensions */ = {
			isa = PBXGroup;
			children = (
				5D304396239A6B960066B8D9 /* String+.swift */,
				5DED72B7239FE2E3006D79AE /* Decimal+.swift */,
				5DED72B9239FE2F8006D79AE /* Int+.swift */,
				5D94E56623A3946C009C7482 /* Data+.swift */,
				5D8653FF23A906DF000DE52D /* CardManager+.swift */,
				5D557CAF23AA888D009B32AF /* Uint64+.swift */,
				5D389ECB23ACFDCF00740FE9 /* MoyaProvider+.swift */,
				5D95437223F3169300C5EF86 /* WalletManager+.swift */,
			);
			path = Extensions;
			sourceTree = "<group>";
		};
		5D54FE1623E41CAE009FAC2F /* Litecoin */ = {
			isa = PBXGroup;
			children = (
				5D54FE1723E41CD6009FAC2F /* LitecoinAddressValidator.swift */,
				5D54FE1923E41E5A009FAC2F /* LitecoinAddressFactory.swift */,
				5D54FE1D23E4313A009FAC2F /* LitecoinWalletManager.swift */,
				5D54FE1F23E43E7E009FAC2F /* LitecoinNetworkManager.swift */,
			);
			path = Litecoin;
			sourceTree = "<group>";
		};
		5D557CAA23AA6F2A009B32AF /* EthereumNetwork */ = {
			isa = PBXGroup;
			children = (
				5D557CAB23AA70AC009B32AF /* InfuraTarget.swift */,
				5D557CAD23AA771E009B32AF /* EthereumNetworkManager.swift */,
				5D47E34D23F4426F00779DFA /* EthereumNetwork.swift */,
			);
			path = EthereumNetwork;
			sourceTree = "<group>";
		};
		5D94E55F23A37EF7009C7482 /* Ethereum */ = {
			isa = PBXGroup;
			children = (
				5D557CAA23AA6F2A009B32AF /* EthereumNetwork */,
				5D94E56023A381F2009C7482 /* EthereumWalletManager.swift */,
				5D94E56223A38204009C7482 /* EthereumAddressFactory.swift */,
				5D94E56423A38216009C7482 /* EthereumAddressValidator.swift */,
			);
			path = Ethereum;
			sourceTree = "<group>";
		};
		5DE3BF95239E6D8E00E8815D /* BlockchainUtils */ = {
			isa = PBXGroup;
			children = (
				5DE3BF96239E6DAB00E8815D /* RIPEMD160.swift */,
				5DE3BF98239E722400E8815D /* Base58.swift */,
				5DE3BF9D239FA2F400E8815D /* SegWitBech32.swift */,
				5DE3BF9F239FA33800E8815D /* Bech32.swift */,
				5DED72BD239FF9F9006D79AE /* CryptoUtils.swift */,
			);
			path = BlockchainUtils;
			sourceTree = "<group>";
		};
		5DE3BFA1239FB41100E8815D /* Bitcoin */ = {
			isa = PBXGroup;
			children = (
				5DE3BFA2239FB4D200E8815D /* BitcoinNetwork */,
				5D304398239A8C9C0066B8D9 /* BitcoinAddressFactory.swift */,
				5DAE73BE239AB4C800AC5543 /* BitcoinAddressValidator.swift */,
				5D30438F239A58C90066B8D9 /* BitcoinWalletManager.swift */,
				5DED72BB239FEEEC006D79AE /* BitcoinTransactionBuilder.swift */,
			);
			path = Bitcoin;
			sourceTree = "<group>";
		};
		5DE3BFA2239FB4D200E8815D /* BitcoinNetwork */ = {
			isa = PBXGroup;
			children = (
				5D557CB423ACCAD2009B32AF /* BlockcypherProvider.swift */,
				5DE3BFA3239FB4E500E8815D /* BitcoinNetworkManager.swift */,
				5D557CB623ACCB48009B32AF /* BitcoinMainProvider.swift */,
			);
			path = BitcoinNetwork;
			sourceTree = "<group>";
		};
		5DED72C223A13145006D79AE /* Stellar */ = {
			isa = PBXGroup;
			children = (
				5DED72C323A1315F006D79AE /* StellarWalletManager.swift */,
				5DED72C523A13377006D79AE /* StellarAddressFactory.swift */,
				5DED72C723A13384006D79AE /* StellarAddressValidator.swift */,
				5D8653F923A8C481000DE52D /* StellarNetworkManager.swift */,
				5D8653FB23A8C4A9000DE52D /* StellarTransactionBuilder.swift */,
				5D8653FD23A8E486000DE52D /* StellarSdk+.swift */,
			);
			path = Stellar;
			sourceTree = "<group>";
		};
		C78C27BD063723008A1058A7 /* Pods */ = {
			isa = PBXGroup;
			children = (
				BE43CCCD58746DFCAA8B3BE2 /* Pods-BlockchainSdk.debug.xcconfig */,
				438C3138ADC1FC1290BE3BA2 /* Pods-BlockchainSdk.release.xcconfig */,
			);
			path = Pods;
			sourceTree = "<group>";
		};
/* End PBXGroup section */

/* Begin PBXHeadersBuildPhase section */
		5D14E4692397B80F00C15FC8 /* Headers */ = {
			isa = PBXHeadersBuildPhase;
			buildActionMask = 2147483647;
			files = (
				5D14E47F2397B80F00C15FC8 /* BlockchainSdk.h in Headers */,
			);
			runOnlyForDeploymentPostprocessing = 0;
		};
/* End PBXHeadersBuildPhase section */

/* Begin PBXNativeTarget section */
		5D14E46D2397B80F00C15FC8 /* BlockchainSdk */ = {
			isa = PBXNativeTarget;
			buildConfigurationList = 5D14E4822397B80F00C15FC8 /* Build configuration list for PBXNativeTarget "BlockchainSdk" */;
			buildPhases = (
				F07968830759F68ED62ECE88 /* [CP] Check Pods Manifest.lock */,
				5D14E4692397B80F00C15FC8 /* Headers */,
				5D14E46A2397B80F00C15FC8 /* Sources */,
				5D14E46B2397B80F00C15FC8 /* Frameworks */,
				5D14E46C2397B80F00C15FC8 /* Resources */,
				5D14E49E2397B8B000C15FC8 /* Embed Frameworks */,
			);
			buildRules = (
			);
			dependencies = (
			);
			name = BlockchainSdk;
			packageProductDependencies = (
				5DED72C0239FFA7D006D79AE /* secp256k1 */,
			);
			productName = BlockchainSdk;
			productReference = 5D14E46E2397B80F00C15FC8 /* BlockchainSdk.framework */;
			productType = "com.apple.product-type.framework";
		};
		5D14E4762397B80F00C15FC8 /* BlockchainSdkTests */ = {
			isa = PBXNativeTarget;
			buildConfigurationList = 5D14E4852397B80F00C15FC8 /* Build configuration list for PBXNativeTarget "BlockchainSdkTests" */;
			buildPhases = (
				5D14E4732397B80F00C15FC8 /* Sources */,
				5D14E4742397B80F00C15FC8 /* Frameworks */,
				5D14E4752397B80F00C15FC8 /* Resources */,
			);
			buildRules = (
			);
			dependencies = (
				5D14E47A2397B80F00C15FC8 /* PBXTargetDependency */,
			);
			name = BlockchainSdkTests;
			productName = BlockchainSdkTests;
			productReference = 5D14E4772397B80F00C15FC8 /* BlockchainSdkTests.xctest */;
			productType = "com.apple.product-type.bundle.unit-test";
		};
/* End PBXNativeTarget section */

/* Begin PBXProject section */
		5D14E4652397B80F00C15FC8 /* Project object */ = {
			isa = PBXProject;
			attributes = {
				LastSwiftUpdateCheck = 1120;
				LastUpgradeCheck = 1120;
				ORGANIZATIONNAME = "Tangem AG";
				TargetAttributes = {
					5D14E46D2397B80F00C15FC8 = {
						CreatedOnToolsVersion = 11.2.1;
						LastSwiftMigration = 1120;
					};
					5D14E4762397B80F00C15FC8 = {
						CreatedOnToolsVersion = 11.2.1;
					};
				};
			};
			buildConfigurationList = 5D14E4682397B80F00C15FC8 /* Build configuration list for PBXProject "BlockchainSdk" */;
			compatibilityVersion = "Xcode 9.3";
			developmentRegion = en;
			hasScannedForEncodings = 0;
			knownRegions = (
				en,
				Base,
			);
			mainGroup = 5D14E4642397B80F00C15FC8;
			packageReferences = (
				5DED72BF239FFA7D006D79AE /* XCRemoteSwiftPackageReference "secp256k1.swift" */,
			);
			productRefGroup = 5D14E46F2397B80F00C15FC8 /* Products */;
			projectDirPath = "";
			projectRoot = "";
			targets = (
				5D14E46D2397B80F00C15FC8 /* BlockchainSdk */,
				5D14E4762397B80F00C15FC8 /* BlockchainSdkTests */,
			);
		};
/* End PBXProject section */

/* Begin PBXResourcesBuildPhase section */
		5D14E46C2397B80F00C15FC8 /* Resources */ = {
			isa = PBXResourcesBuildPhase;
			buildActionMask = 2147483647;
			files = (
			);
			runOnlyForDeploymentPostprocessing = 0;
		};
		5D14E4752397B80F00C15FC8 /* Resources */ = {
			isa = PBXResourcesBuildPhase;
			buildActionMask = 2147483647;
			files = (
			);
			runOnlyForDeploymentPostprocessing = 0;
		};
/* End PBXResourcesBuildPhase section */

/* Begin PBXShellScriptBuildPhase section */
		F07968830759F68ED62ECE88 /* [CP] Check Pods Manifest.lock */ = {
			isa = PBXShellScriptBuildPhase;
			buildActionMask = 2147483647;
			files = (
			);
			inputFileListPaths = (
			);
			inputPaths = (
				"${PODS_PODFILE_DIR_PATH}/Podfile.lock",
				"${PODS_ROOT}/Manifest.lock",
			);
			name = "[CP] Check Pods Manifest.lock";
			outputFileListPaths = (
			);
			outputPaths = (
				"$(DERIVED_FILE_DIR)/Pods-BlockchainSdk-checkManifestLockResult.txt",
			);
			runOnlyForDeploymentPostprocessing = 0;
			shellPath = /bin/sh;
			shellScript = "diff \"${PODS_PODFILE_DIR_PATH}/Podfile.lock\" \"${PODS_ROOT}/Manifest.lock\" > /dev/null\nif [ $? != 0 ] ; then\n    # print error to STDERR\n    echo \"error: The sandbox is not in sync with the Podfile.lock. Run 'pod install' or update your CocoaPods installation.\" >&2\n    exit 1\nfi\n# This output is used by Xcode 'outputs' to avoid re-running this script phase.\necho \"SUCCESS\" > \"${SCRIPT_OUTPUT_FILE_0}\"\n";
			showEnvVarsInLog = 0;
		};
/* End PBXShellScriptBuildPhase section */

/* Begin PBXSourcesBuildPhase section */
		5D14E46A2397B80F00C15FC8 /* Sources */ = {
			isa = PBXSourcesBuildPhase;
			buildActionMask = 2147483647;
			files = (
				5D54FE1C23E427E5009FAC2F /* NetworkManager.swift in Sources */,
				5DE3BF97239E6DAB00E8815D /* RIPEMD160.swift in Sources */,
				5D304390239A58C90066B8D9 /* BitcoinWalletManager.swift in Sources */,
				5DE3BF99239E722400E8815D /* Base58.swift in Sources */,
				5DED72C623A13377006D79AE /* StellarAddressFactory.swift in Sources */,
				5D54FE1823E41CD6009FAC2F /* LitecoinAddressValidator.swift in Sources */,
				5D54FE1A23E41E5A009FAC2F /* LitecoinAddressFactory.swift in Sources */,
				5DED72BC239FEEEC006D79AE /* BitcoinTransactionBuilder.swift in Sources */,
				5D8653FC23A8C4A9000DE52D /* StellarTransactionBuilder.swift in Sources */,
				5DE3BFA4239FB4E500E8815D /* BitcoinNetworkManager.swift in Sources */,
				5DE3BF9E239FA2F400E8815D /* SegWitBech32.swift in Sources */,
				5D94E56323A38204009C7482 /* EthereumAddressFactory.swift in Sources */,
				5DE3BFA0239FA33800E8815D /* Bech32.swift in Sources */,
				5D14E4992397B87000C15FC8 /* Wallet.swift in Sources */,
				5DED72C423A1315F006D79AE /* StellarWalletManager.swift in Sources */,
				5D8653FE23A8E486000DE52D /* StellarSdk+.swift in Sources */,
				5DED72BE239FF9F9006D79AE /* CryptoUtils.swift in Sources */,
				5D86540023A906DF000DE52D /* CardManager+.swift in Sources */,
				5D54FE1E23E4313A009FAC2F /* LitecoinWalletManager.swift in Sources */,
				5D557CAE23AA771E009B32AF /* EthereumNetworkManager.swift in Sources */,
				5D94E56523A38216009C7482 /* EthereumAddressValidator.swift in Sources */,
				5D95437323F3169300C5EF86 /* WalletManager+.swift in Sources */,
				5D557CB023AA888D009B32AF /* Uint64+.swift in Sources */,
				5D94E56123A381F2009C7482 /* EthereumWalletManager.swift in Sources */,
				5D8653FA23A8C481000DE52D /* StellarNetworkManager.swift in Sources */,
				5D304394239A6A6B0066B8D9 /* CurrencyWalletManagerFactory.swift in Sources */,
				5D47E34E23F4426F00779DFA /* EthereumNetwork.swift in Sources */,
				5D006ACD239950F9008BA04D /* CurrencyWallet.swift in Sources */,
				5D14E4972397B87000C15FC8 /* WalletManager.swift in Sources */,
				5D557CAC23AA70AC009B32AF /* InfuraTarget.swift in Sources */,
				5D94E56723A3946C009C7482 /* Data+.swift in Sources */,
				5DAE73BF239AB4C800AC5543 /* BitcoinAddressValidator.swift in Sources */,
				5DED72BA239FE2F8006D79AE /* Int+.swift in Sources */,
				5D304397239A6B960066B8D9 /* String+.swift in Sources */,
				5D557CB523ACCAD2009B32AF /* BlockcypherProvider.swift in Sources */,
				5D304399239A8C9C0066B8D9 /* BitcoinAddressFactory.swift in Sources */,
				5DED72C823A13384006D79AE /* StellarAddressValidator.swift in Sources */,
				5D54FE2023E43E7E009FAC2F /* LitecoinNetworkManager.swift in Sources */,
				5D557CB723ACCB48009B32AF /* BitcoinMainProvider.swift in Sources */,
				5D14E4982397B87000C15FC8 /* Blockchain.swift in Sources */,
				5DED72B8239FE2E3006D79AE /* Decimal+.swift in Sources */,
				5D95437523F31E0D00C5EF86 /* CurrencyWalletFactory.swift in Sources */,
				5D389ECC23ACFDCF00740FE9 /* MoyaProvider+.swift in Sources */,
			);
			runOnlyForDeploymentPostprocessing = 0;
		};
		5D14E4732397B80F00C15FC8 /* Sources */ = {
			isa = PBXSourcesBuildPhase;
			buildActionMask = 2147483647;
			files = (
				5D14E47D2397B80F00C15FC8 /* BlockchainSdkTests.swift in Sources */,
			);
			runOnlyForDeploymentPostprocessing = 0;
		};
/* End PBXSourcesBuildPhase section */

/* Begin PBXTargetDependency section */
		5D14E47A2397B80F00C15FC8 /* PBXTargetDependency */ = {
			isa = PBXTargetDependency;
			target = 5D14E46D2397B80F00C15FC8 /* BlockchainSdk */;
			targetProxy = 5D14E4792397B80F00C15FC8 /* PBXContainerItemProxy */;
		};
/* End PBXTargetDependency section */

/* Begin XCBuildConfiguration section */
		5D14E4802397B80F00C15FC8 /* Debug */ = {
			isa = XCBuildConfiguration;
			buildSettings = {
				ALWAYS_SEARCH_USER_PATHS = NO;
				CLANG_ANALYZER_NONNULL = YES;
				CLANG_ANALYZER_NUMBER_OBJECT_CONVERSION = YES_AGGRESSIVE;
				CLANG_CXX_LANGUAGE_STANDARD = "gnu++14";
				CLANG_CXX_LIBRARY = "libc++";
				CLANG_ENABLE_MODULES = YES;
				CLANG_ENABLE_OBJC_ARC = YES;
				CLANG_ENABLE_OBJC_WEAK = YES;
				CLANG_WARN_BLOCK_CAPTURE_AUTORELEASING = YES;
				CLANG_WARN_BOOL_CONVERSION = YES;
				CLANG_WARN_COMMA = YES;
				CLANG_WARN_CONSTANT_CONVERSION = YES;
				CLANG_WARN_DEPRECATED_OBJC_IMPLEMENTATIONS = YES;
				CLANG_WARN_DIRECT_OBJC_ISA_USAGE = YES_ERROR;
				CLANG_WARN_DOCUMENTATION_COMMENTS = YES;
				CLANG_WARN_EMPTY_BODY = YES;
				CLANG_WARN_ENUM_CONVERSION = YES;
				CLANG_WARN_INFINITE_RECURSION = YES;
				CLANG_WARN_INT_CONVERSION = YES;
				CLANG_WARN_NON_LITERAL_NULL_CONVERSION = YES;
				CLANG_WARN_OBJC_IMPLICIT_RETAIN_SELF = YES;
				CLANG_WARN_OBJC_LITERAL_CONVERSION = YES;
				CLANG_WARN_OBJC_ROOT_CLASS = YES_ERROR;
				CLANG_WARN_RANGE_LOOP_ANALYSIS = YES;
				CLANG_WARN_STRICT_PROTOTYPES = YES;
				CLANG_WARN_SUSPICIOUS_MOVE = YES;
				CLANG_WARN_UNGUARDED_AVAILABILITY = YES_AGGRESSIVE;
				CLANG_WARN_UNREACHABLE_CODE = YES;
				CLANG_WARN__DUPLICATE_METHOD_MATCH = YES;
				COPY_PHASE_STRIP = NO;
				CURRENT_PROJECT_VERSION = 1;
				DEBUG_INFORMATION_FORMAT = dwarf;
				ENABLE_STRICT_OBJC_MSGSEND = YES;
				ENABLE_TESTABILITY = YES;
				GCC_C_LANGUAGE_STANDARD = gnu11;
				GCC_DYNAMIC_NO_PIC = NO;
				GCC_NO_COMMON_BLOCKS = YES;
				GCC_OPTIMIZATION_LEVEL = 0;
				GCC_PREPROCESSOR_DEFINITIONS = (
					"DEBUG=1",
					"$(inherited)",
				);
				GCC_WARN_64_TO_32_BIT_CONVERSION = YES;
				GCC_WARN_ABOUT_RETURN_TYPE = YES_ERROR;
				GCC_WARN_UNDECLARED_SELECTOR = YES;
				GCC_WARN_UNINITIALIZED_AUTOS = YES_AGGRESSIVE;
				GCC_WARN_UNUSED_FUNCTION = YES;
				GCC_WARN_UNUSED_VARIABLE = YES;
				IPHONEOS_DEPLOYMENT_TARGET = 11.0;
				MTL_ENABLE_DEBUG_INFO = INCLUDE_SOURCE;
				MTL_FAST_MATH = YES;
				ONLY_ACTIVE_ARCH = YES;
				SDKROOT = iphoneos;
				SWIFT_ACTIVE_COMPILATION_CONDITIONS = DEBUG;
				SWIFT_OPTIMIZATION_LEVEL = "-Onone";
				VERSIONING_SYSTEM = "apple-generic";
				VERSION_INFO_PREFIX = "";
			};
			name = Debug;
		};
		5D14E4812397B80F00C15FC8 /* Release */ = {
			isa = XCBuildConfiguration;
			buildSettings = {
				ALWAYS_SEARCH_USER_PATHS = NO;
				CLANG_ANALYZER_NONNULL = YES;
				CLANG_ANALYZER_NUMBER_OBJECT_CONVERSION = YES_AGGRESSIVE;
				CLANG_CXX_LANGUAGE_STANDARD = "gnu++14";
				CLANG_CXX_LIBRARY = "libc++";
				CLANG_ENABLE_MODULES = YES;
				CLANG_ENABLE_OBJC_ARC = YES;
				CLANG_ENABLE_OBJC_WEAK = YES;
				CLANG_WARN_BLOCK_CAPTURE_AUTORELEASING = YES;
				CLANG_WARN_BOOL_CONVERSION = YES;
				CLANG_WARN_COMMA = YES;
				CLANG_WARN_CONSTANT_CONVERSION = YES;
				CLANG_WARN_DEPRECATED_OBJC_IMPLEMENTATIONS = YES;
				CLANG_WARN_DIRECT_OBJC_ISA_USAGE = YES_ERROR;
				CLANG_WARN_DOCUMENTATION_COMMENTS = YES;
				CLANG_WARN_EMPTY_BODY = YES;
				CLANG_WARN_ENUM_CONVERSION = YES;
				CLANG_WARN_INFINITE_RECURSION = YES;
				CLANG_WARN_INT_CONVERSION = YES;
				CLANG_WARN_NON_LITERAL_NULL_CONVERSION = YES;
				CLANG_WARN_OBJC_IMPLICIT_RETAIN_SELF = YES;
				CLANG_WARN_OBJC_LITERAL_CONVERSION = YES;
				CLANG_WARN_OBJC_ROOT_CLASS = YES_ERROR;
				CLANG_WARN_RANGE_LOOP_ANALYSIS = YES;
				CLANG_WARN_STRICT_PROTOTYPES = YES;
				CLANG_WARN_SUSPICIOUS_MOVE = YES;
				CLANG_WARN_UNGUARDED_AVAILABILITY = YES_AGGRESSIVE;
				CLANG_WARN_UNREACHABLE_CODE = YES;
				CLANG_WARN__DUPLICATE_METHOD_MATCH = YES;
				COPY_PHASE_STRIP = NO;
				CURRENT_PROJECT_VERSION = 1;
				DEBUG_INFORMATION_FORMAT = "dwarf-with-dsym";
				ENABLE_NS_ASSERTIONS = NO;
				ENABLE_STRICT_OBJC_MSGSEND = YES;
				GCC_C_LANGUAGE_STANDARD = gnu11;
				GCC_NO_COMMON_BLOCKS = YES;
				GCC_WARN_64_TO_32_BIT_CONVERSION = YES;
				GCC_WARN_ABOUT_RETURN_TYPE = YES_ERROR;
				GCC_WARN_UNDECLARED_SELECTOR = YES;
				GCC_WARN_UNINITIALIZED_AUTOS = YES_AGGRESSIVE;
				GCC_WARN_UNUSED_FUNCTION = YES;
				GCC_WARN_UNUSED_VARIABLE = YES;
				IPHONEOS_DEPLOYMENT_TARGET = 11.0;
				MTL_ENABLE_DEBUG_INFO = NO;
				MTL_FAST_MATH = YES;
				SDKROOT = iphoneos;
				SWIFT_COMPILATION_MODE = wholemodule;
				SWIFT_OPTIMIZATION_LEVEL = "-O";
				VALIDATE_PRODUCT = YES;
				VERSIONING_SYSTEM = "apple-generic";
				VERSION_INFO_PREFIX = "";
			};
			name = Release;
		};
		5D14E4832397B80F00C15FC8 /* Debug */ = {
			isa = XCBuildConfiguration;
			baseConfigurationReference = BE43CCCD58746DFCAA8B3BE2 /* Pods-BlockchainSdk.debug.xcconfig */;
			buildSettings = {
				CLANG_ENABLE_MODULES = YES;
				CODE_SIGN_STYLE = Automatic;
				DEFINES_MODULE = YES;
				DEVELOPMENT_TEAM = 4897UJ6D8C;
				DYLIB_COMPATIBILITY_VERSION = 1;
				DYLIB_CURRENT_VERSION = 1;
				DYLIB_INSTALL_NAME_BASE = "@rpath";
				INFOPLIST_FILE = BlockchainSdk/Info.plist;
				INSTALL_PATH = "$(LOCAL_LIBRARY_DIR)/Frameworks";
				LD_RUNPATH_SEARCH_PATHS = (
					"$(inherited)",
					"@executable_path/Frameworks",
					"@loader_path/Frameworks",
				);
				PRODUCT_BUNDLE_IDENTIFIER = com.tangem.BlockchainSdk;
				PRODUCT_NAME = "$(TARGET_NAME:c99extidentifier)";
				SKIP_INSTALL = YES;
				SWIFT_OPTIMIZATION_LEVEL = "-Onone";
				SWIFT_VERSION = 5.0;
				TARGETED_DEVICE_FAMILY = "1,2";
			};
			name = Debug;
		};
		5D14E4842397B80F00C15FC8 /* Release */ = {
			isa = XCBuildConfiguration;
			baseConfigurationReference = 438C3138ADC1FC1290BE3BA2 /* Pods-BlockchainSdk.release.xcconfig */;
			buildSettings = {
				CLANG_ENABLE_MODULES = YES;
				CODE_SIGN_STYLE = Automatic;
				DEFINES_MODULE = YES;
				DEVELOPMENT_TEAM = 4897UJ6D8C;
				DYLIB_COMPATIBILITY_VERSION = 1;
				DYLIB_CURRENT_VERSION = 1;
				DYLIB_INSTALL_NAME_BASE = "@rpath";
				INFOPLIST_FILE = BlockchainSdk/Info.plist;
				INSTALL_PATH = "$(LOCAL_LIBRARY_DIR)/Frameworks";
				LD_RUNPATH_SEARCH_PATHS = (
					"$(inherited)",
					"@executable_path/Frameworks",
					"@loader_path/Frameworks",
				);
				PRODUCT_BUNDLE_IDENTIFIER = com.tangem.BlockchainSdk;
				PRODUCT_NAME = "$(TARGET_NAME:c99extidentifier)";
				SKIP_INSTALL = YES;
				SWIFT_VERSION = 5.0;
				TARGETED_DEVICE_FAMILY = "1,2";
			};
			name = Release;
		};
		5D14E4862397B80F00C15FC8 /* Debug */ = {
			isa = XCBuildConfiguration;
			buildSettings = {
				ALWAYS_EMBED_SWIFT_STANDARD_LIBRARIES = YES;
				CODE_SIGN_STYLE = Automatic;
				DEVELOPMENT_TEAM = 4897UJ6D8C;
				INFOPLIST_FILE = BlockchainSdkTests/Info.plist;
				LD_RUNPATH_SEARCH_PATHS = (
					"$(inherited)",
					"@executable_path/Frameworks",
					"@loader_path/Frameworks",
				);
				PRODUCT_BUNDLE_IDENTIFIER = com.tangem.BlockchainSdkTests;
				PRODUCT_NAME = "$(TARGET_NAME)";
				SWIFT_VERSION = 5.0;
				TARGETED_DEVICE_FAMILY = "1,2";
			};
			name = Debug;
		};
		5D14E4872397B80F00C15FC8 /* Release */ = {
			isa = XCBuildConfiguration;
			buildSettings = {
				ALWAYS_EMBED_SWIFT_STANDARD_LIBRARIES = YES;
				CODE_SIGN_STYLE = Automatic;
				DEVELOPMENT_TEAM = 4897UJ6D8C;
				INFOPLIST_FILE = BlockchainSdkTests/Info.plist;
				LD_RUNPATH_SEARCH_PATHS = (
					"$(inherited)",
					"@executable_path/Frameworks",
					"@loader_path/Frameworks",
				);
				PRODUCT_BUNDLE_IDENTIFIER = com.tangem.BlockchainSdkTests;
				PRODUCT_NAME = "$(TARGET_NAME)";
				SWIFT_VERSION = 5.0;
				TARGETED_DEVICE_FAMILY = "1,2";
			};
			name = Release;
		};
/* End XCBuildConfiguration section */

/* Begin XCConfigurationList section */
		5D14E4682397B80F00C15FC8 /* Build configuration list for PBXProject "BlockchainSdk" */ = {
			isa = XCConfigurationList;
			buildConfigurations = (
				5D14E4802397B80F00C15FC8 /* Debug */,
				5D14E4812397B80F00C15FC8 /* Release */,
			);
			defaultConfigurationIsVisible = 0;
			defaultConfigurationName = Release;
		};
		5D14E4822397B80F00C15FC8 /* Build configuration list for PBXNativeTarget "BlockchainSdk" */ = {
			isa = XCConfigurationList;
			buildConfigurations = (
				5D14E4832397B80F00C15FC8 /* Debug */,
				5D14E4842397B80F00C15FC8 /* Release */,
			);
			defaultConfigurationIsVisible = 0;
			defaultConfigurationName = Release;
		};
		5D14E4852397B80F00C15FC8 /* Build configuration list for PBXNativeTarget "BlockchainSdkTests" */ = {
			isa = XCConfigurationList;
			buildConfigurations = (
				5D14E4862397B80F00C15FC8 /* Debug */,
				5D14E4872397B80F00C15FC8 /* Release */,
			);
			defaultConfigurationIsVisible = 0;
			defaultConfigurationName = Release;
		};
/* End XCConfigurationList section */

/* Begin XCRemoteSwiftPackageReference section */
		5DED72BF239FFA7D006D79AE /* XCRemoteSwiftPackageReference "secp256k1.swift" */ = {
			isa = XCRemoteSwiftPackageReference;
			repositoryURL = "https://github.com/Boilertalk/secp256k1.swift.git";
			requirement = {
				kind = upToNextMajorVersion;
				minimumVersion = 0.1.4;
			};
		};
/* End XCRemoteSwiftPackageReference section */

/* Begin XCSwiftPackageProductDependency section */
		5DED72C0239FFA7D006D79AE /* secp256k1 */ = {
			isa = XCSwiftPackageProductDependency;
			package = 5DED72BF239FFA7D006D79AE /* XCRemoteSwiftPackageReference "secp256k1.swift" */;
			productName = secp256k1;
		};
/* End XCSwiftPackageProductDependency section */
	};
	rootObject = 5D14E4652397B80F00C15FC8 /* Project object */;
}
